
Microsoft Visual Studio Solution File, Format Version 12.00
# Visual Studio Version 17
VisualStudioVersion = 17.8.0.0
MinimumVisualStudioVersion = 17.8.0.0
Project("{9A19103F-16F7-4668-BE54-9A1E7A4F7556}") = "CropConnect.AppHost", "CropConnect.AppHost\CropConnect.AppHost.csproj", "{E2E8C27F-4D5E-41C2-A500-2867864DAAE2}"
EndProject
Project("{9A19103F-16F7-4668-BE54-9A1E7A4F7556}") = "CropConnect.ServiceDefaults", "CropConnect.ServiceDefaults\CropConnect.ServiceDefaults.csproj", "{0167984C-7829-49EE-B0CE-E3EB72BF119F}"
EndProject
Project("{9A19103F-16F7-4668-BE54-9A1E7A4F7556}") = "CropConnect.Web", "CropConnect.Web\CropConnect.Web.csproj", "{A3D6D65B-B2B0-41E2-9B0A-6E2C6B517838}"
EndProject
Project("{2150E333-8FDC-42A3-9474-1A3956D46DE8}") = "services", "services", "{5854FF58-B8C5-05C6-5BF2-ACE42193F22B}"
EndProject
Project("{FAE04EC0-301F-11D3-BF4B-00C04F79EFBC}") = "Auth.Service", "services\Auth.Service\Auth.Service.csproj", "{300EFDD4-4D3F-4991-B820-1B64CFE1DAA4}"
EndProject
Project("{2150E333-8FDC-42A3-9474-1A3956D46DE8}") = "CropConnect.ApiGateway", "CropConnect.ApiGateway", "{FF7C2B5D-7450-F60B-7296-9427DB17BF3D}"
EndProject
Project("{FAE04EC0-301F-11D3-BF4B-00C04F79EFBC}") = "CropConnect.ApiService", "CropConnect.ApiGateway\CropConnect.ApiService.csproj", "{9DD1EB50-7BFD-4BBC-A74B-A9558DCA9572}"
EndProject
Project("{FAE04EC0-301F-11D3-BF4B-00C04F79EFBC}") = "Users.Service", "Services\Users.Service\Users.Service.csproj", "{12C1CAC4-6C56-403C-96D6-6B418C10BD57}"
EndProject
Global
	GlobalSection(SolutionConfigurationPlatforms) = preSolution
		Debug|Any CPU = Debug|Any CPU
		Debug|x64 = Debug|x64
		Debug|x86 = Debug|x86
		Release|Any CPU = Release|Any CPU
		Release|x64 = Release|x64
		Release|x86 = Release|x86
	EndGlobalSection
	GlobalSection(ProjectConfigurationPlatforms) = postSolution
		{E2E8C27F-4D5E-41C2-A500-2867864DAAE2}.Debug|Any CPU.ActiveCfg = Debug|Any CPU
		{E2E8C27F-4D5E-41C2-A500-2867864DAAE2}.Debug|Any CPU.Build.0 = Debug|Any CPU
		{E2E8C27F-4D5E-41C2-A500-2867864DAAE2}.Debug|x64.ActiveCfg = Debug|Any CPU
		{E2E8C27F-4D5E-41C2-A500-2867864DAAE2}.Debug|x64.Build.0 = Debug|Any CPU
		{E2E8C27F-4D5E-41C2-A500-2867864DAAE2}.Debug|x86.ActiveCfg = Debug|Any CPU
		{E2E8C27F-4D5E-41C2-A500-2867864DAAE2}.Debug|x86.Build.0 = Debug|Any CPU
		{E2E8C27F-4D5E-41C2-A500-2867864DAAE2}.Release|Any CPU.ActiveCfg = Release|Any CPU
		{E2E8C27F-4D5E-41C2-A500-2867864DAAE2}.Release|Any CPU.Build.0 = Release|Any CPU
		{E2E8C27F-4D5E-41C2-A500-2867864DAAE2}.Release|x64.ActiveCfg = Release|Any CPU
		{E2E8C27F-4D5E-41C2-A500-2867864DAAE2}.Release|x64.Build.0 = Release|Any CPU
		{E2E8C27F-4D5E-41C2-A500-2867864DAAE2}.Release|x86.ActiveCfg = Release|Any CPU
		{E2E8C27F-4D5E-41C2-A500-2867864DAAE2}.Release|x86.Build.0 = Release|Any CPU
		{0167984C-7829-49EE-B0CE-E3EB72BF119F}.Debug|Any CPU.ActiveCfg = Debug|Any CPU
		{0167984C-7829-49EE-B0CE-E3EB72BF119F}.Debug|Any CPU.Build.0 = Debug|Any CPU
		{0167984C-7829-49EE-B0CE-E3EB72BF119F}.Debug|x64.ActiveCfg = Debug|Any CPU
		{0167984C-7829-49EE-B0CE-E3EB72BF119F}.Debug|x64.Build.0 = Debug|Any CPU
		{0167984C-7829-49EE-B0CE-E3EB72BF119F}.Debug|x86.ActiveCfg = Debug|Any CPU
		{0167984C-7829-49EE-B0CE-E3EB72BF119F}.Debug|x86.Build.0 = Debug|Any CPU
		{0167984C-7829-49EE-B0CE-E3EB72BF119F}.Release|Any CPU.ActiveCfg = Release|Any CPU
		{0167984C-7829-49EE-B0CE-E3EB72BF119F}.Release|Any CPU.Build.0 = Release|Any CPU
		{0167984C-7829-49EE-B0CE-E3EB72BF119F}.Release|x64.ActiveCfg = Release|Any CPU
		{0167984C-7829-49EE-B0CE-E3EB72BF119F}.Release|x64.Build.0 = Release|Any CPU
		{0167984C-7829-49EE-B0CE-E3EB72BF119F}.Release|x86.ActiveCfg = Release|Any CPU
		{0167984C-7829-49EE-B0CE-E3EB72BF119F}.Release|x86.Build.0 = Release|Any CPU
		{A3D6D65B-B2B0-41E2-9B0A-6E2C6B517838}.Debug|Any CPU.ActiveCfg = Debug|Any CPU
		{A3D6D65B-B2B0-41E2-9B0A-6E2C6B517838}.Debug|Any CPU.Build.0 = Debug|Any CPU
		{A3D6D65B-B2B0-41E2-9B0A-6E2C6B517838}.Debug|x64.ActiveCfg = Debug|Any CPU
		{A3D6D65B-B2B0-41E2-9B0A-6E2C6B517838}.Debug|x64.Build.0 = Debug|Any CPU
		{A3D6D65B-B2B0-41E2-9B0A-6E2C6B517838}.Debug|x86.ActiveCfg = Debug|Any CPU
		{A3D6D65B-B2B0-41E2-9B0A-6E2C6B517838}.Debug|x86.Build.0 = Debug|Any CPU
		{A3D6D65B-B2B0-41E2-9B0A-6E2C6B517838}.Release|Any CPU.ActiveCfg = Release|Any CPU
		{A3D6D65B-B2B0-41E2-9B0A-6E2C6B517838}.Release|Any CPU.Build.0 = Release|Any CPU
		{A3D6D65B-B2B0-41E2-9B0A-6E2C6B517838}.Release|x64.ActiveCfg = Release|Any CPU
		{A3D6D65B-B2B0-41E2-9B0A-6E2C6B517838}.Release|x64.Build.0 = Release|Any CPU
		{A3D6D65B-B2B0-41E2-9B0A-6E2C6B517838}.Release|x86.ActiveCfg = Release|Any CPU
		{A3D6D65B-B2B0-41E2-9B0A-6E2C6B517838}.Release|x86.Build.0 = Release|Any CPU
		{300EFDD4-4D3F-4991-B820-1B64CFE1DAA4}.Debug|Any CPU.ActiveCfg = Debug|Any CPU
		{300EFDD4-4D3F-4991-B820-1B64CFE1DAA4}.Debug|Any CPU.Build.0 = Debug|Any CPU
		{300EFDD4-4D3F-4991-B820-1B64CFE1DAA4}.Debug|x64.ActiveCfg = Debug|Any CPU
		{300EFDD4-4D3F-4991-B820-1B64CFE1DAA4}.Debug|x64.Build.0 = Debug|Any CPU
		{300EFDD4-4D3F-4991-B820-1B64CFE1DAA4}.Debug|x86.ActiveCfg = Debug|Any CPU
		{300EFDD4-4D3F-4991-B820-1B64CFE1DAA4}.Debug|x86.Build.0 = Debug|Any CPU
		{300EFDD4-4D3F-4991-B820-1B64CFE1DAA4}.Release|Any CPU.ActiveCfg = Release|Any CPU
		{300EFDD4-4D3F-4991-B820-1B64CFE1DAA4}.Release|Any CPU.Build.0 = Release|Any CPU
		{300EFDD4-4D3F-4991-B820-1B64CFE1DAA4}.Release|x64.ActiveCfg = Release|Any CPU
		{300EFDD4-4D3F-4991-B820-1B64CFE1DAA4}.Release|x64.Build.0 = Release|Any CPU
		{300EFDD4-4D3F-4991-B820-1B64CFE1DAA4}.Release|x86.ActiveCfg = Release|Any CPU
		{300EFDD4-4D3F-4991-B820-1B64CFE1DAA4}.Release|x86.Build.0 = Release|Any CPU
		{9DD1EB50-7BFD-4BBC-A74B-A9558DCA9572}.Debug|Any CPU.ActiveCfg = Debug|Any CPU
		{9DD1EB50-7BFD-4BBC-A74B-A9558DCA9572}.Debug|Any CPU.Build.0 = Debug|Any CPU
		{9DD1EB50-7BFD-4BBC-A74B-A9558DCA9572}.Debug|x64.ActiveCfg = Debug|Any CPU
		{9DD1EB50-7BFD-4BBC-A74B-A9558DCA9572}.Debug|x64.Build.0 = Debug|Any CPU
		{9DD1EB50-7BFD-4BBC-A74B-A9558DCA9572}.Debug|x86.ActiveCfg = Debug|Any CPU
		{9DD1EB50-7BFD-4BBC-A74B-A9558DCA9572}.Debug|x86.Build.0 = Debug|Any CPU
		{9DD1EB50-7BFD-4BBC-A74B-A9558DCA9572}.Release|Any CPU.ActiveCfg = Release|Any CPU
		{9DD1EB50-7BFD-4BBC-A74B-A9558DCA9572}.Release|Any CPU.Build.0 = Release|Any CPU
		{9DD1EB50-7BFD-4BBC-A74B-A9558DCA9572}.Release|x64.ActiveCfg = Release|Any CPU
		{9DD1EB50-7BFD-4BBC-A74B-A9558DCA9572}.Release|x64.Build.0 = Release|Any CPU
		{9DD1EB50-7BFD-4BBC-A74B-A9558DCA9572}.Release|x86.ActiveCfg = Release|Any CPU
		{9DD1EB50-7BFD-4BBC-A74B-A9558DCA9572}.Release|x86.Build.0 = Release|Any CPU
		{12C1CAC4-6C56-403C-96D6-6B418C10BD57}.Debug|Any CPU.ActiveCfg = Debug|Any CPU
		{12C1CAC4-6C56-403C-96D6-6B418C10BD57}.Debug|Any CPU.Build.0 = Debug|Any CPU
		{12C1CAC4-6C56-403C-96D6-6B418C10BD57}.Debug|x64.ActiveCfg = Debug|Any CPU
		{12C1CAC4-6C56-403C-96D6-6B418C10BD57}.Debug|x64.Build.0 = Debug|Any CPU
		{12C1CAC4-6C56-403C-96D6-6B418C10BD57}.Debug|x86.ActiveCfg = Debug|Any CPU
		{12C1CAC4-6C56-403C-96D6-6B418C10BD57}.Debug|x86.Build.0 = Debug|Any CPU
		{12C1CAC4-6C56-403C-96D6-6B418C10BD57}.Release|Any CPU.ActiveCfg = Release|Any CPU
		{12C1CAC4-6C56-403C-96D6-6B418C10BD57}.Release|Any CPU.Build.0 = Release|Any CPU
		{12C1CAC4-6C56-403C-96D6-6B418C10BD57}.Release|x64.ActiveCfg = Release|Any CPU
		{12C1CAC4-6C56-403C-96D6-6B418C10BD57}.Release|x64.Build.0 = Release|Any CPU
		{12C1CAC4-6C56-403C-96D6-6B418C10BD57}.Release|x86.ActiveCfg = Release|Any CPU
		{12C1CAC4-6C56-403C-96D6-6B418C10BD57}.Release|x86.Build.0 = Release|Any CPU
	EndGlobalSection
	GlobalSection(SolutionProperties) = preSolution
		HideSolutionNode = FALSE
	EndGlobalSection
	GlobalSection(NestedProjects) = preSolution
		{300EFDD4-4D3F-4991-B820-1B64CFE1DAA4} = {5854FF58-B8C5-05C6-5BF2-ACE42193F22B}
		{9DD1EB50-7BFD-4BBC-A74B-A9558DCA9572} = {FF7C2B5D-7450-F60B-7296-9427DB17BF3D}
		{12C1CAC4-6C56-403C-96D6-6B418C10BD57} = {5854FF58-B8C5-05C6-5BF2-ACE42193F22B}
	EndGlobalSection
	GlobalSection(ExtensibilityGlobals) = postSolution
		SolutionGuid = {E295D9E9-13F5-45D5-85D2-71EA2E73CF53}
	EndGlobalSection
EndGlobal
